
Microsoft Visual Studio Solution File, Format Version 12.00
# Visual Studio Version 17
VisualStudioVersion = 17.11.35118.90
MinimumVisualStudioVersion = 10.0.40219.1
Project("{9A19103F-16F7-4668-BE54-9A1E7A4F7556}") = "WebApplication1", "WebApplication1.csproj", "{5744481E-A206-44A2-89D1-9EA6D39FBBAB}"
EndProject
Project("{2150E333-8FDC-42A3-9474-1A3956D46DE8}") = "Src", "Src", "{75282CE8-AD6A-4234-B1B9-6FAC9D1F33EA}"
EndProject
Project("{FAE04EC0-301F-11D3-BF4B-00C04F79EFBC}") = "Ow.Application", "..\Ow.Application\Ow.Application.csproj", "{3C6986D9-E9DE-479E-9E00-0258B8127C8B}"
EndProject
Project("{FAE04EC0-301F-11D3-BF4B-00C04F79EFBC}") = "Ow.Application.Contracts", "..\Ow.Application.Contracts\Ow.Application.Contracts.csproj", "{3EA7383D-6DAF-43BB-B6D5-306F961C70F4}"
EndProject
Project("{FAE04EC0-301F-11D3-BF4B-00C04F79EFBC}") = "Ow.Domain", "..\Ow.Domain\Ow.Domain.csproj", "{5D6EA230-40EA-4F18-9965-74E8B77B5515}"
EndProject
Project("{FAE04EC0-301F-11D3-BF4B-00C04F79EFBC}") = "Ow.Domain.Share", "..\Ow.Domain.Share\Ow.Domain.Share.csproj", "{103120DB-3F51-48EA-849F-7DEAB12E1191}"
EndProject
Project("{FAE04EC0-301F-11D3-BF4B-00C04F79EFBC}") = "Ow.EntityFrameworkCore", "..\Ow.EntityFrameworkCore\Ow.EntityFrameworkCore.csproj", "{1C78F1B7-5118-424E-A791-E13563D1EDAD}"
EndProject
Global
	GlobalSection(SolutionConfigurationPlatforms) = preSolution
		Debug|Any CPU = Debug|Any CPU
		Release|Any CPU = Release|Any CPU
	EndGlobalSection
	GlobalSection(ProjectConfigurationPlatforms) = postSolution
		{5744481E-A206-44A2-89D1-9EA6D39FBBAB}.Debug|Any CPU.ActiveCfg = Debug|Any CPU
		{5744481E-A206-44A2-89D1-9EA6D39FBBAB}.Debug|Any CPU.Build.0 = Debug|Any CPU
		{5744481E-A206-44A2-89D1-9EA6D39FBBAB}.Release|Any CPU.ActiveCfg = Release|Any CPU
		{5744481E-A206-44A2-89D1-9EA6D39FBBAB}.Release|Any CPU.Build.0 = Release|Any CPU
		{3C6986D9-E9DE-479E-9E00-0258B8127C8B}.Debug|Any CPU.ActiveCfg = Debug|Any CPU
		{3C6986D9-E9DE-479E-9E00-0258B8127C8B}.Debug|Any CPU.Build.0 = Debug|Any CPU
		{3C6986D9-E9DE-479E-9E00-0258B8127C8B}.Release|Any CPU.ActiveCfg = Release|Any CPU
		{3C6986D9-E9DE-479E-9E00-0258B8127C8B}.Release|Any CPU.Build.0 = Release|Any CPU
		{3EA7383D-6DAF-43BB-B6D5-306F961C70F4}.Debug|Any CPU.ActiveCfg = Debug|Any CPU
		{3EA7383D-6DAF-43BB-B6D5-306F961C70F4}.Debug|Any CPU.Build.0 = Debug|Any CPU
		{3EA7383D-6DAF-43BB-B6D5-306F961C70F4}.Release|Any CPU.ActiveCfg = Release|Any CPU
		{3EA7383D-6DAF-43BB-B6D5-306F961C70F4}.Release|Any CPU.Build.0 = Release|Any CPU
		{5D6EA230-40EA-4F18-9965-74E8B77B5515}.Debug|Any CPU.ActiveCfg = Debug|Any CPU
		{5D6EA230-40EA-4F18-9965-74E8B77B5515}.Debug|Any CPU.Build.0 = Debug|Any CPU
		{5D6EA230-40EA-4F18-9965-74E8B77B5515}.Release|Any CPU.ActiveCfg = Release|Any CPU
		{5D6EA230-40EA-4F18-9965-74E8B77B5515}.Release|Any CPU.Build.0 = Release|Any CPU
		{103120DB-3F51-48EA-849F-7DEAB12E1191}.Debug|Any CPU.ActiveCfg = Debug|Any CPU
		{103120DB-3F51-48EA-849F-7DEAB12E1191}.Debug|Any CPU.Build.0 = Debug|Any CPU
		{103120DB-3F51-48EA-849F-7DEAB12E1191}.Release|Any CPU.ActiveCfg = Release|Any CPU
		{103120DB-3F51-48EA-849F-7DEAB12E1191}.Release|Any CPU.Build.0 = Release|Any CPU
		{1C78F1B7-5118-424E-A791-E13563D1EDAD}.Debug|Any CPU.ActiveCfg = Debug|Any CPU
		{1C78F1B7-5118-424E-A791-E13563D1EDAD}.Debug|Any CPU.Build.0 = Debug|Any CPU
		{1C78F1B7-5118-424E-A791-E13563D1EDAD}.Release|Any CPU.ActiveCfg = Release|Any CPU
		{1C78F1B7-5118-424E-A791-E13563D1EDAD}.Release|Any CPU.Build.0 = Release|Any CPU
	EndGlobalSection
	GlobalSection(SolutionProperties) = preSolution
		HideSolutionNode = FALSE
	EndGlobalSection
	GlobalSection(NestedProjects) = preSolution
		{5744481E-A206-44A2-89D1-9EA6D39FBBAB} = {75282CE8-AD6A-4234-B1B9-6FAC9D1F33EA}
		{3C6986D9-E9DE-479E-9E00-0258B8127C8B} = {75282CE8-AD6A-4234-B1B9-6FAC9D1F33EA}
		{3EA7383D-6DAF-43BB-B6D5-306F961C70F4} = {75282CE8-AD6A-4234-B1B9-6FAC9D1F33EA}
		{5D6EA230-40EA-4F18-9965-74E8B77B5515} = {75282CE8-AD6A-4234-B1B9-6FAC9D1F33EA}
		{103120DB-3F51-48EA-849F-7DEAB12E1191} = {75282CE8-AD6A-4234-B1B9-6FAC9D1F33EA}
		{1C78F1B7-5118-424E-A791-E13563D1EDAD} = {75282CE8-AD6A-4234-B1B9-6FAC9D1F33EA}
	EndGlobalSection
	GlobalSection(ExtensibilityGlobals) = postSolution
		SolutionGuid = {3BCDABAA-982F-4F7E-8845-8F2F70446D06}
	EndGlobalSection
EndGlobal
